
Microsoft Visual Studio Solution File, Format Version 12.00
# Visual Studio Version 16
VisualStudioVersion = 16.0.31729.503
MinimumVisualStudioVersion = 10.0.40219.1
Project("{9A19103F-16F7-4668-BE54-9A1E7A4F7556}") = "Doan", "Doan.csproj", "{3BAFE6E2-A282-4360-A816-FDAFC825AD36}"
EndProject
Project("{9A19103F-16F7-4668-BE54-9A1E7A4F7556}") = "Entities", "..\Entities\Entities.csproj", "{3CC7433A-21C1-45E6-A109-6A9ED1D20781}"
EndProject
Project("{9A19103F-16F7-4668-BE54-9A1E7A4F7556}") = "DAL", "..\DAL\DAL.csproj", "{7A5881AF-C06E-4EB5-862F-B567E977D164}"
EndProject
Project("{9A19103F-16F7-4668-BE54-9A1E7A4F7556}") = "BLL", "..\Services\BLL.csproj", "{9BD6A0B8-688D-4A2A-AFFB-C9FBED77C3A6}"
EndProject
Global
	GlobalSection(SolutionConfigurationPlatforms) = preSolution
		Debug|Any CPU = Debug|Any CPU
		Release|Any CPU = Release|Any CPU
	EndGlobalSection
	GlobalSection(ProjectConfigurationPlatforms) = postSolution
		{3BAFE6E2-A282-4360-A816-FDAFC825AD36}.Debug|Any CPU.ActiveCfg = Debug|Any CPU
		{3BAFE6E2-A282-4360-A816-FDAFC825AD36}.Debug|Any CPU.Build.0 = Debug|Any CPU
		{3BAFE6E2-A282-4360-A816-FDAFC825AD36}.Release|Any CPU.ActiveCfg = Release|Any CPU
		{3BAFE6E2-A282-4360-A816-FDAFC825AD36}.Release|Any CPU.Build.0 = Release|Any CPU
		{3CC7433A-21C1-45E6-A109-6A9ED1D20781}.Debug|Any CPU.ActiveCfg = Debug|Any CPU
		{3CC7433A-21C1-45E6-A109-6A9ED1D20781}.Debug|Any CPU.Build.0 = Debug|Any CPU
		{3CC7433A-21C1-45E6-A109-6A9ED1D20781}.Release|Any CPU.ActiveCfg = Release|Any CPU
		{3CC7433A-21C1-45E6-A109-6A9ED1D20781}.Release|Any CPU.Build.0 = Release|Any CPU
		{7A5881AF-C06E-4EB5-862F-B567E977D164}.Debug|Any CPU.ActiveCfg = Debug|Any CPU
		{7A5881AF-C06E-4EB5-862F-B567E977D164}.Debug|Any CPU.Build.0 = Debug|Any CPU
		{7A5881AF-C06E-4EB5-862F-B567E977D164}.Release|Any CPU.ActiveCfg = Release|Any CPU
		{7A5881AF-C06E-4EB5-862F-B567E977D164}.Release|Any CPU.Build.0 = Release|Any CPU
		{9BD6A0B8-688D-4A2A-AFFB-C9FBED77C3A6}.Debug|Any CPU.ActiveCfg = Debug|Any CPU
		{9BD6A0B8-688D-4A2A-AFFB-C9FBED77C3A6}.Debug|Any CPU.Build.0 = Debug|Any CPU
		{9BD6A0B8-688D-4A2A-AFFB-C9FBED77C3A6}.Release|Any CPU.ActiveCfg = Release|Any CPU
		{9BD6A0B8-688D-4A2A-AFFB-C9FBED77C3A6}.Release|Any CPU.Build.0 = Release|Any CPU
	EndGlobalSection
	GlobalSection(SolutionProperties) = preSolution
		HideSolutionNode = FALSE
	EndGlobalSection
	GlobalSection(ExtensibilityGlobals) = postSolution
		SolutionGuid = {C0B5B951-E16A-4375-B74C-9DD08008A6E9}
	EndGlobalSection
EndGlobal
